// !$*UTF8*$!
{
	archiveVersion = 1;
	classes = {
	};
	objectVersion = 48;
	objects = {

/* Begin PBXBuildFile section */
		0BC3780B595FABA1CFBC3352 /* Pods_Redmart.framework in Frameworks */ = {isa = PBXBuildFile; fileRef = 6AA738739BE398F9585C1F7E /* Pods_Redmart.framework */; };
		143130FAABACE893DAFF43D9 /* Pods_RedmartUITests.framework in Frameworks */ = {isa = PBXBuildFile; fileRef = B43D91C73DF022F6CE4648F2 /* Pods_RedmartUITests.framework */; };
		1BB74120019BBEC52D435844 /* Pods_RedmartTests.framework in Frameworks */ = {isa = PBXBuildFile; fileRef = 0F1485224097781E50556CBB /* Pods_RedmartTests.framework */; };
		8F28121220540DDF0030085C /* AppDelegate.swift in Sources */ = {isa = PBXBuildFile; fileRef = 8F28121120540DDF0030085C /* AppDelegate.swift */; };
		8F28121420540DDF0030085C /* HomeListViewController.swift in Sources */ = {isa = PBXBuildFile; fileRef = 8F28121320540DDF0030085C /* HomeListViewController.swift */; };
		8F28121720540DDF0030085C /* Main.storyboard in Resources */ = {isa = PBXBuildFile; fileRef = 8F28121520540DDF0030085C /* Main.storyboard */; };
		8F28121A20540DDF0030085C /* Redmart.xcdatamodeld in Sources */ = {isa = PBXBuildFile; fileRef = 8F28121820540DDF0030085C /* Redmart.xcdatamodeld */; };
		8F28121C20540DDF0030085C /* Assets.xcassets in Resources */ = {isa = PBXBuildFile; fileRef = 8F28121B20540DDF0030085C /* Assets.xcassets */; };
		8F28121F20540DDF0030085C /* LaunchScreen.storyboard in Resources */ = {isa = PBXBuildFile; fileRef = 8F28121D20540DDF0030085C /* LaunchScreen.storyboard */; };
		8F28122A20540DDF0030085C /* RedmartTests.swift in Sources */ = {isa = PBXBuildFile; fileRef = 8F28122920540DDF0030085C /* RedmartTests.swift */; };
		8F28123520540DDF0030085C /* RedmartUITests.swift in Sources */ = {isa = PBXBuildFile; fileRef = 8F28123420540DDF0030085C /* RedmartUITests.swift */; };
		8F28124A2054322C0030085C /* Constants.swift in Sources */ = {isa = PBXBuildFile; fileRef = 8F2812492054322C0030085C /* Constants.swift */; };
		8F35EDF12055503900BB5CAB /* ProductListManager.swift in Sources */ = {isa = PBXBuildFile; fileRef = 8F35EDF02055503900BB5CAB /* ProductListManager.swift */; };
		8F35EDF42055576E00BB5CAB /* ProductListInfo.swift in Sources */ = {isa = PBXBuildFile; fileRef = 8F35EDF32055576E00BB5CAB /* ProductListInfo.swift */; };
		8F35EDF820555F4500BB5CAB /* ProductBaseInfo.swift in Sources */ = {isa = PBXBuildFile; fileRef = 8F35EDF720555F4500BB5CAB /* ProductBaseInfo.swift */; };
		8F35EDFA2055620E00BB5CAB /* APIHelper.swift in Sources */ = {isa = PBXBuildFile; fileRef = 8F35EDF92055620E00BB5CAB /* APIHelper.swift */; };
		8F35EDFC2055644D00BB5CAB /* APIRequestParamFactory.swift in Sources */ = {isa = PBXBuildFile; fileRef = 8F35EDFB2055644D00BB5CAB /* APIRequestParamFactory.swift */; };
		8F35EDFE20556AD900BB5CAB /* ProductListCell.xib in Resources */ = {isa = PBXBuildFile; fileRef = 8F35EDFD20556AD900BB5CAB /* ProductListCell.xib */; };
		8F35EE0020556B2F00BB5CAB /* ProductListCell.swift in Sources */ = {isa = PBXBuildFile; fileRef = 8F35EDFF20556B2F00BB5CAB /* ProductListCell.swift */; };
		8F35EE042055A81B00BB5CAB /* ProductDetailsController.swift in Sources */ = {isa = PBXBuildFile; fileRef = 8F35EE032055A81B00BB5CAB /* ProductDetailsController.swift */; };
		8F35EE062055AA3700BB5CAB /* ProductDetailsInfo.swift in Sources */ = {isa = PBXBuildFile; fileRef = 8F35EE052055AA3700BB5CAB /* ProductDetailsInfo.swift */; };
/* End PBXBuildFile section */

/* Begin PBXContainerItemProxy section */
		8F28122620540DDF0030085C /* PBXContainerItemProxy */ = {
			isa = PBXContainerItemProxy;
			containerPortal = 8F28120620540DDF0030085C /* Project object */;
			proxyType = 1;
			remoteGlobalIDString = 8F28120D20540DDF0030085C;
			remoteInfo = Redmart;
		};
		8F28123120540DDF0030085C /* PBXContainerItemProxy */ = {
			isa = PBXContainerItemProxy;
			containerPortal = 8F28120620540DDF0030085C /* Project object */;
			proxyType = 1;
			remoteGlobalIDString = 8F28120D20540DDF0030085C;
			remoteInfo = Redmart;
		};
/* End PBXContainerItemProxy section */

/* Begin PBXFileReference section */
		0F1485224097781E50556CBB /* Pods_RedmartTests.framework */ = {isa = PBXFileReference; explicitFileType = wrapper.framework; includeInIndex = 0; path = Pods_RedmartTests.framework; sourceTree = BUILT_PRODUCTS_DIR; };
		1B0306B38612FD6066A76111 /* Pods-RedmartUITests.release.xcconfig */ = {isa = PBXFileReference; includeInIndex = 1; lastKnownFileType = text.xcconfig; name = "Pods-RedmartUITests.release.xcconfig"; path = "Pods/Target Support Files/Pods-RedmartUITests/Pods-RedmartUITests.release.xcconfig"; sourceTree = "<group>"; };
		6AA738739BE398F9585C1F7E /* Pods_Redmart.framework */ = {isa = PBXFileReference; explicitFileType = wrapper.framework; includeInIndex = 0; path = Pods_Redmart.framework; sourceTree = BUILT_PRODUCTS_DIR; };
		6D14EE8888C9140877A829A9 /* Pods-RedmartTests.release.xcconfig */ = {isa = PBXFileReference; includeInIndex = 1; lastKnownFileType = text.xcconfig; name = "Pods-RedmartTests.release.xcconfig"; path = "Pods/Target Support Files/Pods-RedmartTests/Pods-RedmartTests.release.xcconfig"; sourceTree = "<group>"; };
		7A51E6846530669FC363EB93 /* Pods-RedmartTests.debug.xcconfig */ = {isa = PBXFileReference; includeInIndex = 1; lastKnownFileType = text.xcconfig; name = "Pods-RedmartTests.debug.xcconfig"; path = "Pods/Target Support Files/Pods-RedmartTests/Pods-RedmartTests.debug.xcconfig"; sourceTree = "<group>"; };
		8F28120E20540DDF0030085C /* Redmart.app */ = {isa = PBXFileReference; explicitFileType = wrapper.application; includeInIndex = 0; path = Redmart.app; sourceTree = BUILT_PRODUCTS_DIR; };
		8F28121120540DDF0030085C /* AppDelegate.swift */ = {isa = PBXFileReference; lastKnownFileType = sourcecode.swift; path = AppDelegate.swift; sourceTree = "<group>"; };
		8F28121320540DDF0030085C /* HomeListViewController.swift */ = {isa = PBXFileReference; lastKnownFileType = sourcecode.swift; path = HomeListViewController.swift; sourceTree = "<group>"; };
		8F28121620540DDF0030085C /* Base */ = {isa = PBXFileReference; lastKnownFileType = file.storyboard; name = Base; path = Base.lproj/Main.storyboard; sourceTree = "<group>"; };
		8F28121920540DDF0030085C /* Redmart.xcdatamodel */ = {isa = PBXFileReference; lastKnownFileType = wrapper.xcdatamodel; path = Redmart.xcdatamodel; sourceTree = "<group>"; };
		8F28121B20540DDF0030085C /* Assets.xcassets */ = {isa = PBXFileReference; lastKnownFileType = folder.assetcatalog; path = Assets.xcassets; sourceTree = "<group>"; };
		8F28121E20540DDF0030085C /* Base */ = {isa = PBXFileReference; lastKnownFileType = file.storyboard; name = Base; path = Base.lproj/LaunchScreen.storyboard; sourceTree = "<group>"; };
		8F28122020540DDF0030085C /* Info.plist */ = {isa = PBXFileReference; lastKnownFileType = text.plist.xml; path = Info.plist; sourceTree = "<group>"; };
		8F28122520540DDF0030085C /* RedmartTests.xctest */ = {isa = PBXFileReference; explicitFileType = wrapper.cfbundle; includeInIndex = 0; path = RedmartTests.xctest; sourceTree = BUILT_PRODUCTS_DIR; };
		8F28122920540DDF0030085C /* RedmartTests.swift */ = {isa = PBXFileReference; lastKnownFileType = sourcecode.swift; path = RedmartTests.swift; sourceTree = "<group>"; };
		8F28122B20540DDF0030085C /* Info.plist */ = {isa = PBXFileReference; lastKnownFileType = text.plist.xml; path = Info.plist; sourceTree = "<group>"; };
		8F28123020540DDF0030085C /* RedmartUITests.xctest */ = {isa = PBXFileReference; explicitFileType = wrapper.cfbundle; includeInIndex = 0; path = RedmartUITests.xctest; sourceTree = BUILT_PRODUCTS_DIR; };
		8F28123420540DDF0030085C /* RedmartUITests.swift */ = {isa = PBXFileReference; lastKnownFileType = sourcecode.swift; path = RedmartUITests.swift; sourceTree = "<group>"; };
		8F28123620540DDF0030085C /* Info.plist */ = {isa = PBXFileReference; lastKnownFileType = text.plist.xml; path = Info.plist; sourceTree = "<group>"; };
		8F2812492054322C0030085C /* Constants.swift */ = {isa = PBXFileReference; lastKnownFileType = sourcecode.swift; path = Constants.swift; sourceTree = "<group>"; };
		8F35EDF02055503900BB5CAB /* ProductListManager.swift */ = {isa = PBXFileReference; lastKnownFileType = sourcecode.swift; path = ProductListManager.swift; sourceTree = "<group>"; };
		8F35EDF32055576E00BB5CAB /* ProductListInfo.swift */ = {isa = PBXFileReference; lastKnownFileType = sourcecode.swift; path = ProductListInfo.swift; sourceTree = "<group>"; };
		8F35EDF720555F4500BB5CAB /* ProductBaseInfo.swift */ = {isa = PBXFileReference; lastKnownFileType = sourcecode.swift; path = ProductBaseInfo.swift; sourceTree = "<group>"; };
		8F35EDF92055620E00BB5CAB /* APIHelper.swift */ = {isa = PBXFileReference; lastKnownFileType = sourcecode.swift; path = APIHelper.swift; sourceTree = "<group>"; };
		8F35EDFB2055644D00BB5CAB /* APIRequestParamFactory.swift */ = {isa = PBXFileReference; lastKnownFileType = sourcecode.swift; path = APIRequestParamFactory.swift; sourceTree = "<group>"; };
		8F35EDFD20556AD900BB5CAB /* ProductListCell.xib */ = {isa = PBXFileReference; lastKnownFileType = file.xib; path = ProductListCell.xib; sourceTree = "<group>"; };
		8F35EDFF20556B2F00BB5CAB /* ProductListCell.swift */ = {isa = PBXFileReference; lastKnownFileType = sourcecode.swift; path = ProductListCell.swift; sourceTree = "<group>"; };
		8F35EE032055A81B00BB5CAB /* ProductDetailsController.swift */ = {isa = PBXFileReference; lastKnownFileType = sourcecode.swift; path = ProductDetailsController.swift; sourceTree = "<group>"; };
		8F35EE052055AA3700BB5CAB /* ProductDetailsInfo.swift */ = {isa = PBXFileReference; lastKnownFileType = sourcecode.swift; path = ProductDetailsInfo.swift; sourceTree = "<group>"; };
		8F6DE80C2055BC2D00DF667B /* s3-ap-southeast-1amazonawscom.crt */ = {isa = PBXFileReference; lastKnownFileType = file; name = "s3-ap-southeast-1amazonawscom.crt"; path = "../../../../../Desktop/s3-ap-southeast-1amazonawscom.crt"; sourceTree = "<group>"; };
		940A0920C0D0A309A7651CD5 /* Pods-RedmartUITests.debug.xcconfig */ = {isa = PBXFileReference; includeInIndex = 1; lastKnownFileType = text.xcconfig; name = "Pods-RedmartUITests.debug.xcconfig"; path = "Pods/Target Support Files/Pods-RedmartUITests/Pods-RedmartUITests.debug.xcconfig"; sourceTree = "<group>"; };
		99F200E37866D6090B1E1B99 /* Pods-Redmart.release.xcconfig */ = {isa = PBXFileReference; includeInIndex = 1; lastKnownFileType = text.xcconfig; name = "Pods-Redmart.release.xcconfig"; path = "Pods/Target Support Files/Pods-Redmart/Pods-Redmart.release.xcconfig"; sourceTree = "<group>"; };
		A6E5A51BF4CD76B75308FD5E /* Pods-Redmart.debug.xcconfig */ = {isa = PBXFileReference; includeInIndex = 1; lastKnownFileType = text.xcconfig; name = "Pods-Redmart.debug.xcconfig"; path = "Pods/Target Support Files/Pods-Redmart/Pods-Redmart.debug.xcconfig"; sourceTree = "<group>"; };
		B43D91C73DF022F6CE4648F2 /* Pods_RedmartUITests.framework */ = {isa = PBXFileReference; explicitFileType = wrapper.framework; includeInIndex = 0; path = Pods_RedmartUITests.framework; sourceTree = BUILT_PRODUCTS_DIR; };
/* End PBXFileReference section */

/* Begin PBXFrameworksBuildPhase section */
		8F28120B20540DDF0030085C /* Frameworks */ = {
			isa = PBXFrameworksBuildPhase;
			buildActionMask = 2147483647;
			files = (
				0BC3780B595FABA1CFBC3352 /* Pods_Redmart.framework in Frameworks */,
			);
			runOnlyForDeploymentPostprocessing = 0;
		};
		8F28122220540DDF0030085C /* Frameworks */ = {
			isa = PBXFrameworksBuildPhase;
			buildActionMask = 2147483647;
			files = (
				1BB74120019BBEC52D435844 /* Pods_RedmartTests.framework in Frameworks */,
			);
			runOnlyForDeploymentPostprocessing = 0;
		};
		8F28122D20540DDF0030085C /* Frameworks */ = {
			isa = PBXFrameworksBuildPhase;
			buildActionMask = 2147483647;
			files = (
				143130FAABACE893DAFF43D9 /* Pods_RedmartUITests.framework in Frameworks */,
			);
			runOnlyForDeploymentPostprocessing = 0;
		};
/* End PBXFrameworksBuildPhase section */

/* Begin PBXGroup section */
		8F28120520540DDF0030085C = {
			isa = PBXGroup;
			children = (
				8F28121020540DDF0030085C /* Redmart */,
				8F28122820540DDF0030085C /* RedmartTests */,
				8F28123320540DDF0030085C /* RedmartUITests */,
				8F28120F20540DDF0030085C /* Products */,
				FA6D212ADFBDC5668EA8D068 /* Pods */,
				E7BBA4EE44E664ABC74625A0 /* Frameworks */,
			);
			sourceTree = "<group>";
		};
		8F28120F20540DDF0030085C /* Products */ = {
			isa = PBXGroup;
			children = (
				8F28120E20540DDF0030085C /* Redmart.app */,
				8F28122520540DDF0030085C /* RedmartTests.xctest */,
				8F28123020540DDF0030085C /* RedmartUITests.xctest */,
			);
			name = Products;
			sourceTree = "<group>";
		};
		8F28121020540DDF0030085C /* Redmart */ = {
			isa = PBXGroup;
			children = (
				8F6DE80C2055BC2D00DF667B /* s3-ap-southeast-1amazonawscom.crt */,
				8F35EDEF2055500F00BB5CAB /* Managers */,
				8F28124720541D2D0030085C /* Model */,
				8F28124520541D1C0030085C /* Controllers */,
				8F28124620541D270030085C /* Views */,
				8F2812482054321B0030085C /* Utils */,
				8F28124320541CFA0030085C /* Assets */,
				8F28124220541CCF0030085C /* StoryBoards */,
				8F28122020540DDF0030085C /* Info.plist */,
				8F28121120540DDF0030085C /* AppDelegate.swift */,
			);
			path = Redmart;
			sourceTree = "<group>";
		};
		8F28122820540DDF0030085C /* RedmartTests */ = {
			isa = PBXGroup;
			children = (
				8F28122920540DDF0030085C /* RedmartTests.swift */,
				8F28122B20540DDF0030085C /* Info.plist */,
			);
			path = RedmartTests;
			sourceTree = "<group>";
		};
		8F28123320540DDF0030085C /* RedmartUITests */ = {
			isa = PBXGroup;
			children = (
				8F28123420540DDF0030085C /* RedmartUITests.swift */,
				8F28123620540DDF0030085C /* Info.plist */,
			);
			path = RedmartUITests;
			sourceTree = "<group>";
		};
		8F28124220541CCF0030085C /* StoryBoards */ = {
			isa = PBXGroup;
			children = (
				8F28121520540DDF0030085C /* Main.storyboard */,
				8F28121D20540DDF0030085C /* LaunchScreen.storyboard */,
			);
			path = StoryBoards;
			sourceTree = "<group>";
		};
		8F28124320541CFA0030085C /* Assets */ = {
			isa = PBXGroup;
			children = (
				8F28121B20540DDF0030085C /* Assets.xcassets */,
			);
			path = Assets;
			sourceTree = "<group>";
		};
		8F28124520541D1C0030085C /* Controllers */ = {
			isa = PBXGroup;
			children = (
				8F28121320540DDF0030085C /* HomeListViewController.swift */,
				8F35EE032055A81B00BB5CAB /* ProductDetailsController.swift */,
			);
			path = Controllers;
			sourceTree = "<group>";
		};
		8F28124620541D270030085C /* Views */ = {
			isa = PBXGroup;
			children = (
				8F35EDFD20556AD900BB5CAB /* ProductListCell.xib */,
				8F35EDFF20556B2F00BB5CAB /* ProductListCell.swift */,
			);
			path = Views;
			sourceTree = "<group>";
		};
		8F28124720541D2D0030085C /* Model */ = {
			isa = PBXGroup;
			children = (
				8F35EDF720555F4500BB5CAB /* ProductBaseInfo.swift */,
				8F35EDF32055576E00BB5CAB /* ProductListInfo.swift */,
				8F35EE052055AA3700BB5CAB /* ProductDetailsInfo.swift */,
				8F35EDFB2055644D00BB5CAB /* APIRequestParamFactory.swift */,
				8F28121820540DDF0030085C /* Redmart.xcdatamodeld */,
			);
			path = Model;
			sourceTree = "<group>";
		};
		8F2812482054321B0030085C /* Utils */ = {
			isa = PBXGroup;
			children = (
				8F2812492054322C0030085C /* Constants.swift */,
				8F35EDF92055620E00BB5CAB /* APIHelper.swift */,
			);
			path = Utils;
			sourceTree = "<group>";
		};
		8F35EDEF2055500F00BB5CAB /* Managers */ = {
			isa = PBXGroup;
			children = (
				8F35EDF02055503900BB5CAB /* ProductListManager.swift */,
			);
			path = Managers;
			sourceTree = "<group>";
		};
		E7BBA4EE44E664ABC74625A0 /* Frameworks */ = {
			isa = PBXGroup;
			children = (
				6AA738739BE398F9585C1F7E /* Pods_Redmart.framework */,
				0F1485224097781E50556CBB /* Pods_RedmartTests.framework */,
				B43D91C73DF022F6CE4648F2 /* Pods_RedmartUITests.framework */,
			);
			name = Frameworks;
			sourceTree = "<group>";
		};
		FA6D212ADFBDC5668EA8D068 /* Pods */ = {
			isa = PBXGroup;
			children = (
				A6E5A51BF4CD76B75308FD5E /* Pods-Redmart.debug.xcconfig */,
				99F200E37866D6090B1E1B99 /* Pods-Redmart.release.xcconfig */,
				7A51E6846530669FC363EB93 /* Pods-RedmartTests.debug.xcconfig */,
				6D14EE8888C9140877A829A9 /* Pods-RedmartTests.release.xcconfig */,
				940A0920C0D0A309A7651CD5 /* Pods-RedmartUITests.debug.xcconfig */,
				1B0306B38612FD6066A76111 /* Pods-RedmartUITests.release.xcconfig */,
			);
			name = Pods;
			sourceTree = "<group>";
		};
/* End PBXGroup section */

/* Begin PBXNativeTarget section */
		8F28120D20540DDF0030085C /* Redmart */ = {
			isa = PBXNativeTarget;
			buildConfigurationList = 8F28123920540DDF0030085C /* Build configuration list for PBXNativeTarget "Redmart" */;
			buildPhases = (
				05D10646D845EE555855BF51 /* [CP] Check Pods Manifest.lock */,
				8F28120A20540DDF0030085C /* Sources */,
				8F28120B20540DDF0030085C /* Frameworks */,
				8F28120C20540DDF0030085C /* Resources */,
				D9D2CB5B35C864CBCCE5024C /* [CP] Embed Pods Frameworks */,
				7DAA3183292CCE8FDBA2B440 /* [CP] Copy Pods Resources */,
			);
			buildRules = (
			);
			dependencies = (
			);
			name = Redmart;
			productName = Redmart;
			productReference = 8F28120E20540DDF0030085C /* Redmart.app */;
			productType = "com.apple.product-type.application";
		};
		8F28122420540DDF0030085C /* RedmartTests */ = {
			isa = PBXNativeTarget;
			buildConfigurationList = 8F28123C20540DDF0030085C /* Build configuration list for PBXNativeTarget "RedmartTests" */;
			buildPhases = (
				600E697DCD6581A7653D9C6E /* [CP] Check Pods Manifest.lock */,
				8F28122120540DDF0030085C /* Sources */,
				8F28122220540DDF0030085C /* Frameworks */,
				8F28122320540DDF0030085C /* Resources */,
				9C3F9403EBDBA25BD0DE2E84 /* [CP] Embed Pods Frameworks */,
				4E225B204161F3CE46A08D90 /* [CP] Copy Pods Resources */,
			);
			buildRules = (
			);
			dependencies = (
				8F28122720540DDF0030085C /* PBXTargetDependency */,
			);
			name = RedmartTests;
			productName = RedmartTests;
			productReference = 8F28122520540DDF0030085C /* RedmartTests.xctest */;
			productType = "com.apple.product-type.bundle.unit-test";
		};
		8F28122F20540DDF0030085C /* RedmartUITests */ = {
			isa = PBXNativeTarget;
			buildConfigurationList = 8F28123F20540DDF0030085C /* Build configuration list for PBXNativeTarget "RedmartUITests" */;
			buildPhases = (
				1F3207CEA2EA87798778D5EB /* [CP] Check Pods Manifest.lock */,
				8F28122C20540DDF0030085C /* Sources */,
				8F28122D20540DDF0030085C /* Frameworks */,
				8F28122E20540DDF0030085C /* Resources */,
				97CCE8272DCE5A4F8DEC6E46 /* [CP] Embed Pods Frameworks */,
				02250C2AEEDDFE2D59F2AC56 /* [CP] Copy Pods Resources */,
			);
			buildRules = (
			);
			dependencies = (
				8F28123220540DDF0030085C /* PBXTargetDependency */,
			);
			name = RedmartUITests;
			productName = RedmartUITests;
			productReference = 8F28123020540DDF0030085C /* RedmartUITests.xctest */;
			productType = "com.apple.product-type.bundle.ui-testing";
		};
/* End PBXNativeTarget section */

/* Begin PBXProject section */
		8F28120620540DDF0030085C /* Project object */ = {
			isa = PBXProject;
			attributes = {
				LastSwiftUpdateCheck = 0920;
				LastUpgradeCheck = 0920;
				ORGANIZATIONNAME = sudeep.r;
				TargetAttributes = {
					8F28120D20540DDF0030085C = {
						CreatedOnToolsVersion = 9.2;
						ProvisioningStyle = Automatic;
					};
					8F28122420540DDF0030085C = {
						CreatedOnToolsVersion = 9.2;
						ProvisioningStyle = Automatic;
						TestTargetID = 8F28120D20540DDF0030085C;
					};
					8F28122F20540DDF0030085C = {
						CreatedOnToolsVersion = 9.2;
						ProvisioningStyle = Automatic;
						TestTargetID = 8F28120D20540DDF0030085C;
					};
				};
			};
			buildConfigurationList = 8F28120920540DDF0030085C /* Build configuration list for PBXProject "Redmart" */;
			compatibilityVersion = "Xcode 8.0";
			developmentRegion = en;
			hasScannedForEncodings = 0;
			knownRegions = (
				en,
				Base,
			);
			mainGroup = 8F28120520540DDF0030085C;
			productRefGroup = 8F28120F20540DDF0030085C /* Products */;
			projectDirPath = "";
			projectRoot = "";
			targets = (
				8F28120D20540DDF0030085C /* Redmart */,
				8F28122420540DDF0030085C /* RedmartTests */,
				8F28122F20540DDF0030085C /* RedmartUITests */,
			);
		};
/* End PBXProject section */

/* Begin PBXResourcesBuildPhase section */
		8F28120C20540DDF0030085C /* Resources */ = {
			isa = PBXResourcesBuildPhase;
			buildActionMask = 2147483647;
			files = (
				8F28121F20540DDF0030085C /* LaunchScreen.storyboard in Resources */,
				8F35EDFE20556AD900BB5CAB /* ProductListCell.xib in Resources */,
				8F28121C20540DDF0030085C /* Assets.xcassets in Resources */,
				8F28121720540DDF0030085C /* Main.storyboard in Resources */,
			);
			runOnlyForDeploymentPostprocessing = 0;
		};
		8F28122320540DDF0030085C /* Resources */ = {
			isa = PBXResourcesBuildPhase;
			buildActionMask = 2147483647;
			files = (
			);
			runOnlyForDeploymentPostprocessing = 0;
		};
		8F28122E20540DDF0030085C /* Resources */ = {
			isa = PBXResourcesBuildPhase;
			buildActionMask = 2147483647;
			files = (
			);
			runOnlyForDeploymentPostprocessing = 0;
		};
/* End PBXResourcesBuildPhase section */

/* Begin PBXShellScriptBuildPhase section */
		02250C2AEEDDFE2D59F2AC56 /* [CP] Copy Pods Resources */ = {
			isa = PBXShellScriptBuildPhase;
			buildActionMask = 2147483647;
			files = (
			);
			inputPaths = (
			);
			name = "[CP] Copy Pods Resources";
			outputPaths = (
			);
			runOnlyForDeploymentPostprocessing = 0;
			shellPath = /bin/sh;
			shellScript = "\"${SRCROOT}/Pods/Target Support Files/Pods-RedmartUITests/Pods-RedmartUITests-resources.sh\"\n";
			showEnvVarsInLog = 0;
		};
		05D10646D845EE555855BF51 /* [CP] Check Pods Manifest.lock */ = {
			isa = PBXShellScriptBuildPhase;
			buildActionMask = 2147483647;
			files = (
			);
			inputPaths = (
				"${PODS_PODFILE_DIR_PATH}/Podfile.lock",
				"${PODS_ROOT}/Manifest.lock",
			);
			name = "[CP] Check Pods Manifest.lock";
			outputPaths = (
				"$(DERIVED_FILE_DIR)/Pods-Redmart-checkManifestLockResult.txt",
			);
			runOnlyForDeploymentPostprocessing = 0;
			shellPath = /bin/sh;
			shellScript = "diff \"${PODS_PODFILE_DIR_PATH}/Podfile.lock\" \"${PODS_ROOT}/Manifest.lock\" > /dev/null\nif [ $? != 0 ] ; then\n    # print error to STDERR\n    echo \"error: The sandbox is not in sync with the Podfile.lock. Run 'pod install' or update your CocoaPods installation.\" >&2\n    exit 1\nfi\n# This output is used by Xcode 'outputs' to avoid re-running this script phase.\necho \"SUCCESS\" > \"${SCRIPT_OUTPUT_FILE_0}\"\n";
			showEnvVarsInLog = 0;
		};
		1F3207CEA2EA87798778D5EB /* [CP] Check Pods Manifest.lock */ = {
			isa = PBXShellScriptBuildPhase;
			buildActionMask = 2147483647;
			files = (
			);
			inputPaths = (
				"${PODS_PODFILE_DIR_PATH}/Podfile.lock",
				"${PODS_ROOT}/Manifest.lock",
			);
			name = "[CP] Check Pods Manifest.lock";
			outputPaths = (
				"$(DERIVED_FILE_DIR)/Pods-RedmartUITests-checkManifestLockResult.txt",
			);
			runOnlyForDeploymentPostprocessing = 0;
			shellPath = /bin/sh;
			shellScript = "diff \"${PODS_PODFILE_DIR_PATH}/Podfile.lock\" \"${PODS_ROOT}/Manifest.lock\" > /dev/null\nif [ $? != 0 ] ; then\n    # print error to STDERR\n    echo \"error: The sandbox is not in sync with the Podfile.lock. Run 'pod install' or update your CocoaPods installation.\" >&2\n    exit 1\nfi\n# This output is used by Xcode 'outputs' to avoid re-running this script phase.\necho \"SUCCESS\" > \"${SCRIPT_OUTPUT_FILE_0}\"\n";
			showEnvVarsInLog = 0;
		};
		4E225B204161F3CE46A08D90 /* [CP] Copy Pods Resources */ = {
			isa = PBXShellScriptBuildPhase;
			buildActionMask = 2147483647;
			files = (
			);
			inputPaths = (
			);
			name = "[CP] Copy Pods Resources";
			outputPaths = (
			);
			runOnlyForDeploymentPostprocessing = 0;
			shellPath = /bin/sh;
			shellScript = "\"${SRCROOT}/Pods/Target Support Files/Pods-RedmartTests/Pods-RedmartTests-resources.sh\"\n";
			showEnvVarsInLog = 0;
		};
		600E697DCD6581A7653D9C6E /* [CP] Check Pods Manifest.lock */ = {
			isa = PBXShellScriptBuildPhase;
			buildActionMask = 2147483647;
			files = (
			);
			inputPaths = (
				"${PODS_PODFILE_DIR_PATH}/Podfile.lock",
				"${PODS_ROOT}/Manifest.lock",
			);
			name = "[CP] Check Pods Manifest.lock";
			outputPaths = (
				"$(DERIVED_FILE_DIR)/Pods-RedmartTests-checkManifestLockResult.txt",
			);
			runOnlyForDeploymentPostprocessing = 0;
			shellPath = /bin/sh;
			shellScript = "diff \"${PODS_PODFILE_DIR_PATH}/Podfile.lock\" \"${PODS_ROOT}/Manifest.lock\" > /dev/null\nif [ $? != 0 ] ; then\n    # print error to STDERR\n    echo \"error: The sandbox is not in sync with the Podfile.lock. Run 'pod install' or update your CocoaPods installation.\" >&2\n    exit 1\nfi\n# This output is used by Xcode 'outputs' to avoid re-running this script phase.\necho \"SUCCESS\" > \"${SCRIPT_OUTPUT_FILE_0}\"\n";
			showEnvVarsInLog = 0;
		};
		7DAA3183292CCE8FDBA2B440 /* [CP] Copy Pods Resources */ = {
			isa = PBXShellScriptBuildPhase;
			buildActionMask = 2147483647;
			files = (
			);
			inputPaths = (
			);
			name = "[CP] Copy Pods Resources";
			outputPaths = (
			);
			runOnlyForDeploymentPostprocessing = 0;
			shellPath = /bin/sh;
			shellScript = "\"${SRCROOT}/Pods/Target Support Files/Pods-Redmart/Pods-Redmart-resources.sh\"\n";
			showEnvVarsInLog = 0;
		};
		97CCE8272DCE5A4F8DEC6E46 /* [CP] Embed Pods Frameworks */ = {
			isa = PBXShellScriptBuildPhase;
			buildActionMask = 2147483647;
			files = (
			);
			inputPaths = (
			);
			name = "[CP] Embed Pods Frameworks";
			outputPaths = (
			);
			runOnlyForDeploymentPostprocessing = 0;
			shellPath = /bin/sh;
			shellScript = "\"${SRCROOT}/Pods/Target Support Files/Pods-RedmartUITests/Pods-RedmartUITests-frameworks.sh\"\n";
			showEnvVarsInLog = 0;
		};
		9C3F9403EBDBA25BD0DE2E84 /* [CP] Embed Pods Frameworks */ = {
			isa = PBXShellScriptBuildPhase;
			buildActionMask = 2147483647;
			files = (
			);
			inputPaths = (
			);
			name = "[CP] Embed Pods Frameworks";
			outputPaths = (
			);
			runOnlyForDeploymentPostprocessing = 0;
			shellPath = /bin/sh;
			shellScript = "\"${SRCROOT}/Pods/Target Support Files/Pods-RedmartTests/Pods-RedmartTests-frameworks.sh\"\n";
			showEnvVarsInLog = 0;
		};
		D9D2CB5B35C864CBCCE5024C /* [CP] Embed Pods Frameworks */ = {
			isa = PBXShellScriptBuildPhase;
			buildActionMask = 2147483647;
			files = (
			);
			inputPaths = (
				"${SRCROOT}/Pods/Target Support Files/Pods-Redmart/Pods-Redmart-frameworks.sh",
				"${BUILT_PRODUCTS_DIR}/Alamofire/Alamofire.framework",
				"${BUILT_PRODUCTS_DIR}/AlamofireImage/AlamofireImage.framework",
				"${BUILT_PRODUCTS_DIR}/AlamofireObjectMapper/AlamofireObjectMapper.framework",
				"${BUILT_PRODUCTS_DIR}/ObjectMapper/ObjectMapper.framework",
			);
			name = "[CP] Embed Pods Frameworks";
			outputPaths = (
				"${TARGET_BUILD_DIR}/${FRAMEWORKS_FOLDER_PATH}/Alamofire.framework",
				"${TARGET_BUILD_DIR}/${FRAMEWORKS_FOLDER_PATH}/AlamofireImage.framework",
				"${TARGET_BUILD_DIR}/${FRAMEWORKS_FOLDER_PATH}/AlamofireObjectMapper.framework",
				"${TARGET_BUILD_DIR}/${FRAMEWORKS_FOLDER_PATH}/ObjectMapper.framework",
			);
			runOnlyForDeploymentPostprocessing = 0;
			shellPath = /bin/sh;
			shellScript = "\"${SRCROOT}/Pods/Target Support Files/Pods-Redmart/Pods-Redmart-frameworks.sh\"\n";
			showEnvVarsInLog = 0;
		};
/* End PBXShellScriptBuildPhase section */

/* Begin PBXSourcesBuildPhase section */
		8F28120A20540DDF0030085C /* Sources */ = {
			isa = PBXSourcesBuildPhase;
			buildActionMask = 2147483647;
			files = (
				8F35EDF12055503900BB5CAB /* ProductListManager.swift in Sources */,
				8F28121420540DDF0030085C /* HomeListViewController.swift in Sources */,
				8F28121A20540DDF0030085C /* Redmart.xcdatamodeld in Sources */,
				8F35EDF42055576E00BB5CAB /* ProductListInfo.swift in Sources */,
				8F35EE042055A81B00BB5CAB /* ProductDetailsController.swift in Sources */,
				8F35EDFA2055620E00BB5CAB /* APIHelper.swift in Sources */,
				8F35EDF820555F4500BB5CAB /* ProductBaseInfo.swift in Sources */,
				8F28121220540DDF0030085C /* AppDelegate.swift in Sources */,
				8F35EE062055AA3700BB5CAB /* ProductDetailsInfo.swift in Sources */,
				8F35EDFC2055644D00BB5CAB /* APIRequestParamFactory.swift in Sources */,
				8F28124A2054322C0030085C /* Constants.swift in Sources */,
				8F35EE0020556B2F00BB5CAB /* ProductListCell.swift in Sources */,
			);
			runOnlyForDeploymentPostprocessing = 0;
		};
		8F28122120540DDF0030085C /* Sources */ = {
			isa = PBXSourcesBuildPhase;
			buildActionMask = 2147483647;
			files = (
				8F28122A20540DDF0030085C /* RedmartTests.swift in Sources */,
			);
			runOnlyForDeploymentPostprocessing = 0;
		};
		8F28122C20540DDF0030085C /* Sources */ = {
			isa = PBXSourcesBuildPhase;
			buildActionMask = 2147483647;
			files = (
				8F28123520540DDF0030085C /* RedmartUITests.swift in Sources */,
			);
			runOnlyForDeploymentPostprocessing = 0;
		};
/* End PBXSourcesBuildPhase section */

/* Begin PBXTargetDependency section */
		8F28122720540DDF0030085C /* PBXTargetDependency */ = {
			isa = PBXTargetDependency;
			target = 8F28120D20540DDF0030085C /* Redmart */;
			targetProxy = 8F28122620540DDF0030085C /* PBXContainerItemProxy */;
		};
		8F28123220540DDF0030085C /* PBXTargetDependency */ = {
			isa = PBXTargetDependency;
			target = 8F28120D20540DDF0030085C /* Redmart */;
			targetProxy = 8F28123120540DDF0030085C /* PBXContainerItemProxy */;
		};
/* End PBXTargetDependency section */

/* Begin PBXVariantGroup section */
		8F28121520540DDF0030085C /* Main.storyboard */ = {
			isa = PBXVariantGroup;
			children = (
				8F28121620540DDF0030085C /* Base */,
			);
			name = Main.storyboard;
			sourceTree = "<group>";
		};
		8F28121D20540DDF0030085C /* LaunchScreen.storyboard */ = {
			isa = PBXVariantGroup;
			children = (
				8F28121E20540DDF0030085C /* Base */,
			);
			name = LaunchScreen.storyboard;
			sourceTree = "<group>";
		};
/* End PBXVariantGroup section */

/* Begin XCBuildConfiguration section */
		8F28123720540DDF0030085C /* Debug */ = {
			isa = XCBuildConfiguration;
			buildSettings = {
				ALWAYS_SEARCH_USER_PATHS = NO;
				CLANG_ANALYZER_NONNULL = YES;
				CLANG_ANALYZER_NUMBER_OBJECT_CONVERSION = YES_AGGRESSIVE;
				CLANG_CXX_LANGUAGE_STANDARD = "gnu++14";
				CLANG_CXX_LIBRARY = "libc++";
				CLANG_ENABLE_MODULES = YES;
				CLANG_ENABLE_OBJC_ARC = YES;
				CLANG_WARN_BLOCK_CAPTURE_AUTORELEASING = YES;
				CLANG_WARN_BOOL_CONVERSION = YES;
				CLANG_WARN_COMMA = YES;
				CLANG_WARN_CONSTANT_CONVERSION = YES;
				CLANG_WARN_DIRECT_OBJC_ISA_USAGE = YES_ERROR;
				CLANG_WARN_DOCUMENTATION_COMMENTS = YES;
				CLANG_WARN_EMPTY_BODY = YES;
				CLANG_WARN_ENUM_CONVERSION = YES;
				CLANG_WARN_INFINITE_RECURSION = YES;
				CLANG_WARN_INT_CONVERSION = YES;
				CLANG_WARN_NON_LITERAL_NULL_CONVERSION = YES;
				CLANG_WARN_OBJC_LITERAL_CONVERSION = YES;
				CLANG_WARN_OBJC_ROOT_CLASS = YES_ERROR;
				CLANG_WARN_RANGE_LOOP_ANALYSIS = YES;
				CLANG_WARN_STRICT_PROTOTYPES = YES;
				CLANG_WARN_SUSPICIOUS_MOVE = YES;
				CLANG_WARN_UNGUARDED_AVAILABILITY = YES_AGGRESSIVE;
				CLANG_WARN_UNREACHABLE_CODE = YES;
				CLANG_WARN__DUPLICATE_METHOD_MATCH = YES;
				CODE_SIGN_IDENTITY = "iPhone Developer";
				COPY_PHASE_STRIP = NO;
				DEBUG_INFORMATION_FORMAT = dwarf;
				ENABLE_STRICT_OBJC_MSGSEND = YES;
				ENABLE_TESTABILITY = YES;
				GCC_C_LANGUAGE_STANDARD = gnu11;
				GCC_DYNAMIC_NO_PIC = NO;
				GCC_NO_COMMON_BLOCKS = YES;
				GCC_OPTIMIZATION_LEVEL = 0;
				GCC_PREPROCESSOR_DEFINITIONS = (
					"DEBUG=1",
					"$(inherited)",
				);
				GCC_WARN_64_TO_32_BIT_CONVERSION = YES;
				GCC_WARN_ABOUT_RETURN_TYPE = YES_ERROR;
				GCC_WARN_UNDECLARED_SELECTOR = YES;
				GCC_WARN_UNINITIALIZED_AUTOS = YES_AGGRESSIVE;
				GCC_WARN_UNUSED_FUNCTION = YES;
				GCC_WARN_UNUSED_VARIABLE = YES;
				IPHONEOS_DEPLOYMENT_TARGET = 11.2;
				MTL_ENABLE_DEBUG_INFO = YES;
				ONLY_ACTIVE_ARCH = YES;
				SDKROOT = iphoneos;
				SWIFT_ACTIVE_COMPILATION_CONDITIONS = DEBUG;
				SWIFT_OPTIMIZATION_LEVEL = "-Onone";
			};
			name = Debug;
		};
		8F28123820540DDF0030085C /* Release */ = {
			isa = XCBuildConfiguration;
			buildSettings = {
				ALWAYS_SEARCH_USER_PATHS = NO;
				CLANG_ANALYZER_NONNULL = YES;
				CLANG_ANALYZER_NUMBER_OBJECT_CONVERSION = YES_AGGRESSIVE;
				CLANG_CXX_LANGUAGE_STANDARD = "gnu++14";
				CLANG_CXX_LIBRARY = "libc++";
				CLANG_ENABLE_MODULES = YES;
				CLANG_ENABLE_OBJC_ARC = YES;
				CLANG_WARN_BLOCK_CAPTURE_AUTORELEASING = YES;
				CLANG_WARN_BOOL_CONVERSION = YES;
				CLANG_WARN_COMMA = YES;
				CLANG_WARN_CONSTANT_CONVERSION = YES;
				CLANG_WARN_DIRECT_OBJC_ISA_USAGE = YES_ERROR;
				CLANG_WARN_DOCUMENTATION_COMMENTS = YES;
				CLANG_WARN_EMPTY_BODY = YES;
				CLANG_WARN_ENUM_CONVERSION = YES;
				CLANG_WARN_INFINITE_RECURSION = YES;
				CLANG_WARN_INT_CONVERSION = YES;
				CLANG_WARN_NON_LITERAL_NULL_CONVERSION = YES;
				CLANG_WARN_OBJC_LITERAL_CONVERSION = YES;
				CLANG_WARN_OBJC_ROOT_CLASS = YES_ERROR;
				CLANG_WARN_RANGE_LOOP_ANALYSIS = YES;
				CLANG_WARN_STRICT_PROTOTYPES = YES;
				CLANG_WARN_SUSPICIOUS_MOVE = YES;
				CLANG_WARN_UNGUARDED_AVAILABILITY = YES_AGGRESSIVE;
				CLANG_WARN_UNREACHABLE_CODE = YES;
				CLANG_WARN__DUPLICATE_METHOD_MATCH = YES;
				CODE_SIGN_IDENTITY = "iPhone Developer";
				COPY_PHASE_STRIP = NO;
				DEBUG_INFORMATION_FORMAT = "dwarf-with-dsym";
				ENABLE_NS_ASSERTIONS = NO;
				ENABLE_STRICT_OBJC_MSGSEND = YES;
				GCC_C_LANGUAGE_STANDARD = gnu11;
				GCC_NO_COMMON_BLOCKS = YES;
				GCC_WARN_64_TO_32_BIT_CONVERSION = YES;
				GCC_WARN_ABOUT_RETURN_TYPE = YES_ERROR;
				GCC_WARN_UNDECLARED_SELECTOR = YES;
				GCC_WARN_UNINITIALIZED_AUTOS = YES_AGGRESSIVE;
				GCC_WARN_UNUSED_FUNCTION = YES;
				GCC_WARN_UNUSED_VARIABLE = YES;
				IPHONEOS_DEPLOYMENT_TARGET = 11.2;
				MTL_ENABLE_DEBUG_INFO = NO;
				SDKROOT = iphoneos;
				SWIFT_OPTIMIZATION_LEVEL = "-Owholemodule";
				VALIDATE_PRODUCT = YES;
			};
			name = Release;
		};
		8F28123A20540DDF0030085C /* Debug */ = {
			isa = XCBuildConfiguration;
			baseConfigurationReference = A6E5A51BF4CD76B75308FD5E /* Pods-Redmart.debug.xcconfig */;
			buildSettings = {
				ASSETCATALOG_COMPILER_APPICON_NAME = AppIcon;
				CODE_SIGN_STYLE = Automatic;
				DEVELOPMENT_TEAM = 29G9X9UTQX;
				INFOPLIST_FILE = Redmart/Info.plist;
				IPHONEOS_DEPLOYMENT_TARGET = 8.0;
				LD_RUNPATH_SEARCH_PATHS = "$(inherited) @executable_path/Frameworks";
				PRODUCT_BUNDLE_IDENTIFIER = urbanladder.Redmart;
				PRODUCT_NAME = "$(TARGET_NAME)";
				SWIFT_VERSION = 4.0;
				TARGETED_DEVICE_FAMILY = "1,2";
			};
			name = Debug;
		};
		8F28123B20540DDF0030085C /* Release */ = {
			isa = XCBuildConfiguration;
			baseConfigurationReference = 99F200E37866D6090B1E1B99 /* Pods-Redmart.release.xcconfig */;
			buildSettings = {
				ASSETCATALOG_COMPILER_APPICON_NAME = AppIcon;
				CODE_SIGN_STYLE = Automatic;
				DEVELOPMENT_TEAM = 29G9X9UTQX;
				INFOPLIST_FILE = Redmart/Info.plist;
				IPHONEOS_DEPLOYMENT_TARGET = 8.0;
				LD_RUNPATH_SEARCH_PATHS = "$(inherited) @executable_path/Frameworks";
				PRODUCT_BUNDLE_IDENTIFIER = urbanladder.Redmart;
				PRODUCT_NAME = "$(TARGET_NAME)";
				SWIFT_VERSION = 4.0;
				TARGETED_DEVICE_FAMILY = "1,2";
			};
			name = Release;
		};
		8F28123D20540DDF0030085C /* Debug */ = {
			isa = XCBuildConfiguration;
			baseConfigurationReference = 7A51E6846530669FC363EB93 /* Pods-RedmartTests.debug.xcconfig */;
			buildSettings = {
				ALWAYS_EMBED_SWIFT_STANDARD_LIBRARIES = YES;
				BUNDLE_LOADER = "$(TEST_HOST)";
				CODE_SIGN_STYLE = Automatic;
				DEVELOPMENT_TEAM = 29G9X9UTQX;
				INFOPLIST_FILE = RedmartTests/Info.plist;
				LD_RUNPATH_SEARCH_PATHS = "$(inherited) @executable_path/Frameworks @loader_path/Frameworks";
				PRODUCT_BUNDLE_IDENTIFIER = urbanladder.RedmartTests;
				PRODUCT_NAME = "$(TARGET_NAME)";
				SWIFT_VERSION = 4.0;
				TARGETED_DEVICE_FAMILY = "1,2";
				TEST_HOST = "$(BUILT_PRODUCTS_DIR)/Redmart.app/Redmart";
			};
			name = Debug;
		};
		8F28123E20540DDF0030085C /* Release */ = {
			isa = XCBuildConfiguration;
			baseConfigurationReference = 6D14EE8888C9140877A829A9 /* Pods-RedmartTests.release.xcconfig */;
			buildSettings = {
				ALWAYS_EMBED_SWIFT_STANDARD_LIBRARIES = YES;
				BUNDLE_LOADER = "$(TEST_HOST)";
				CODE_SIGN_STYLE = Automatic;
				DEVELOPMENT_TEAM = 29G9X9UTQX;
				INFOPLIST_FILE = RedmartTests/Info.plist;
				LD_RUNPATH_SEARCH_PATHS = "$(inherited) @executable_path/Frameworks @loader_path/Frameworks";
				PRODUCT_BUNDLE_IDENTIFIER = urbanladder.RedmartTests;
				PRODUCT_NAME = "$(TARGET_NAME)";
				SWIFT_VERSION = 4.0;
				TARGETED_DEVICE_FAMILY = "1,2";
				TEST_HOST = "$(BUILT_PRODUCTS_DIR)/Redmart.app/Redmart";
			};
			name = Release;
		};
		8F28124020540DDF0030085C /* Debug */ = {
			isa = XCBuildConfiguration;
			baseConfigurationReference = 940A0920C0D0A309A7651CD5 /* Pods-RedmartUITests.debug.xcconfig */;
			buildSettings = {
				ALWAYS_EMBED_SWIFT_STANDARD_LIBRARIES = YES;
				CODE_SIGN_STYLE = Automatic;
				DEVELOPMENT_TEAM = 29G9X9UTQX;
				INFOPLIST_FILE = RedmartUITests/Info.plist;
				LD_RUNPATH_SEARCH_PATHS = "$(inherited) @executable_path/Frameworks @loader_path/Frameworks";
				PRODUCT_BUNDLE_IDENTIFIER = urbanladder.RedmartUITests;
				PRODUCT_NAME = "$(TARGET_NAME)";
				SWIFT_VERSION = 4.0;
				TARGETED_DEVICE_FAMILY = "1,2";
				TEST_TARGET_NAME = Redmart;
			};
			name = Debug;
		};
		8F28124120540DDF0030085C /* Release */ = {
			isa = XCBuildConfiguration;
			baseConfigurationReference = 1B0306B38612FD6066A76111 /* Pods-RedmartUITests.release.xcconfig */;
			buildSettings = {
				ALWAYS_EMBED_SWIFT_STANDARD_LIBRARIES = YES;
				CODE_SIGN_STYLE = Automatic;
				DEVELOPMENT_TEAM = 29G9X9UTQX;
				INFOPLIST_FILE = RedmartUITests/Info.plist;
				LD_RUNPATH_SEARCH_PATHS = "$(inherited) @executable_path/Frameworks @loader_path/Frameworks";
				PRODUCT_BUNDLE_IDENTIFIER = urbanladder.RedmartUITests;
				PRODUCT_NAME = "$(TARGET_NAME)";
				SWIFT_VERSION = 4.0;
				TARGETED_DEVICE_FAMILY = "1,2";
				TEST_TARGET_NAME = Redmart;
			};
			name = Release;
		};
/* End XCBuildConfiguration section */

/* Begin XCConfigurationList section */
		8F28120920540DDF0030085C /* Build configuration list for PBXProject "Redmart" */ = {
			isa = XCConfigurationList;
			buildConfigurations = (
				8F28123720540DDF0030085C /* Debug */,
				8F28123820540DDF0030085C /* Release */,
			);
			defaultConfigurationIsVisible = 0;
			defaultConfigurationName = Release;
		};
		8F28123920540DDF0030085C /* Build configuration list for PBXNativeTarget "Redmart" */ = {
			isa = XCConfigurationList;
			buildConfigurations = (
				8F28123A20540DDF0030085C /* Debug */,
				8F28123B20540DDF0030085C /* Release */,
			);
			defaultConfigurationIsVisible = 0;
			defaultConfigurationName = Release;
		};
		8F28123C20540DDF0030085C /* Build configuration list for PBXNativeTarget "RedmartTests" */ = {
			isa = XCConfigurationList;
			buildConfigurations = (
				8F28123D20540DDF0030085C /* Debug */,
				8F28123E20540DDF0030085C /* Release */,
			);
			defaultConfigurationIsVisible = 0;
			defaultConfigurationName = Release;
		};
		8F28123F20540DDF0030085C /* Build configuration list for PBXNativeTarget "RedmartUITests" */ = {
			isa = XCConfigurationList;
			buildConfigurations = (
				8F28124020540DDF0030085C /* Debug */,
				8F28124120540DDF0030085C /* Release */,
			);
			defaultConfigurationIsVisible = 0;
			defaultConfigurationName = Release;
		};
/* End XCConfigurationList section */

/* Begin XCVersionGroup section */
		8F28121820540DDF0030085C /* Redmart.xcdatamodeld */ = {
			isa = XCVersionGroup;
			children = (
				8F28121920540DDF0030085C /* Redmart.xcdatamodel */,
			);
			currentVersion = 8F28121920540DDF0030085C /* Redmart.xcdatamodel */;
			path = Redmart.xcdatamodeld;
			sourceTree = "<group>";
			versionGroupType = wrapper.xcdatamodel;
		};
/* End XCVersionGroup section */
	};
	rootObject = 8F28120620540DDF0030085C /* Project object */;
}
